
Microsoft Visual Studio Solution File, Format Version 12.00
# Visual Studio Version 17
VisualStudioVersion = 17.5.33424.131
MinimumVisualStudioVersion = 10.0.40219.1
Project("{FAE04EC0-301F-11D3-BF4B-00C04F79EFBC}") = "ASP_React", "ASP_React\ASP_React.csproj", "{D02935B6-2F78-4756-AB76-BCF8CEC430A5}"
EndProject
Global
	GlobalSection(SolutionConfigurationPlatforms) = preSolution
		Debug|Any CPU = Debug|Any CPU
		Release|Any CPU = Release|Any CPU
	EndGlobalSection
	GlobalSection(ProjectConfigurationPlatforms) = postSolution
		{D02935B6-2F78-4756-AB76-BCF8CEC430A5}.Debug|Any CPU.ActiveCfg = Debug|Any CPU
		{D02935B6-2F78-4756-AB76-BCF8CEC430A5}.Debug|Any CPU.Build.0 = Debug|Any CPU
		{D02935B6-2F78-4756-AB76-BCF8CEC430A5}.Release|Any CPU.ActiveCfg = Release|Any CPU
		{D02935B6-2F78-4756-AB76-BCF8CEC430A5}.Release|Any CPU.Build.0 = Release|Any CPU
	EndGlobalSection
	GlobalSection(SolutionProperties) = preSolution
		HideSolutionNode = FALSE
	EndGlobalSection
	GlobalSection(ExtensibilityGlobals) = postSolution
		SolutionGuid = {56986E67-C799-4F3F-BCF5-E0CD640C9B40}
	EndGlobalSection
EndGlobal
